// !$*UTF8*$!
{
	archiveVersion = 1;
	classes = {
	};
	objectVersion = 50;
	objects = {

/* Begin PBXBuildFile section */
		1FFB59982410D788006A61B1 /* AppDelegate.swift in Sources */ = {isa = PBXBuildFile; fileRef = 1FFB59972410D788006A61B1 /* AppDelegate.swift */; };
		1FFB599F2410D788006A61B1 /* Main.storyboard in Resources */ = {isa = PBXBuildFile; fileRef = 1FFB599D2410D788006A61B1 /* Main.storyboard */; };
		1FFB59A12410D78C006A61B1 /* Assets.xcassets in Resources */ = {isa = PBXBuildFile; fileRef = 1FFB59A02410D78C006A61B1 /* Assets.xcassets */; };
		1FFB59A42410D78C006A61B1 /* LaunchScreen.storyboard in Resources */ = {isa = PBXBuildFile; fileRef = 1FFB59A22410D78C006A61B1 /* LaunchScreen.storyboard */; };
		1FFB59AC2410D7C7006A61B1 /* String+HomeScreen.swift in Sources */ = {isa = PBXBuildFile; fileRef = 1FFB59AB2410D7C7006A61B1 /* String+HomeScreen.swift */; };
		1FFB59B22410D9BC006A61B1 /* String+HelpScreen.swift in Sources */ = {isa = PBXBuildFile; fileRef = 1FFB59B12410D9BC006A61B1 /* String+HelpScreen.swift */; };
		1FFB59B72410DA59006A61B1 /* HomeScreen.strings in Resources */ = {isa = PBXBuildFile; fileRef = 1FFB59B92410DA59006A61B1 /* HomeScreen.strings */; };
		1FFB59BB2410DA61006A61B1 /* HelpScreen.strings in Resources */ = {isa = PBXBuildFile; fileRef = 1FFB59BD2410DA61006A61B1 /* HelpScreen.strings */; };
		1FFB59C02410DA9E006A61B1 /* HomeViewController.swift in Sources */ = {isa = PBXBuildFile; fileRef = 1FFB59BF2410DA9E006A61B1 /* HomeViewController.swift */; };
		1FFB59C22410DAF6006A61B1 /* HelpViewController.swift in Sources */ = {isa = PBXBuildFile; fileRef = 1FFB59C12410DAF6006A61B1 /* HelpViewController.swift */; };
/* End PBXBuildFile section */

/* Begin PBXFileReference section */
		1FFB59942410D788006A61B1 /* StringLocalizationDemo.app */ = {isa = PBXFileReference; explicitFileType = wrapper.application; includeInIndex = 0; path = StringLocalizationDemo.app; sourceTree = BUILT_PRODUCTS_DIR; };
		1FFB59972410D788006A61B1 /* AppDelegate.swift */ = {isa = PBXFileReference; lastKnownFileType = sourcecode.swift; path = AppDelegate.swift; sourceTree = "<group>"; };
		1FFB599E2410D788006A61B1 /* Base */ = {isa = PBXFileReference; lastKnownFileType = file.storyboard; name = Base; path = Base.lproj/Main.storyboard; sourceTree = "<group>"; };
		1FFB59A02410D78C006A61B1 /* Assets.xcassets */ = {isa = PBXFileReference; lastKnownFileType = folder.assetcatalog; path = Assets.xcassets; sourceTree = "<group>"; };
		1FFB59A32410D78C006A61B1 /* Base */ = {isa = PBXFileReference; lastKnownFileType = file.storyboard; name = Base; path = Base.lproj/LaunchScreen.storyboard; sourceTree = "<group>"; };
		1FFB59A52410D78C006A61B1 /* Info.plist */ = {isa = PBXFileReference; lastKnownFileType = text.plist.xml; path = Info.plist; sourceTree = "<group>"; };
		1FFB59AB2410D7C7006A61B1 /* String+HomeScreen.swift */ = {isa = PBXFileReference; lastKnownFileType = sourcecode.swift; path = "String+HomeScreen.swift"; sourceTree = "<group>"; };
		1FFB59B12410D9BC006A61B1 /* String+HelpScreen.swift */ = {isa = PBXFileReference; lastKnownFileType = sourcecode.swift; path = "String+HelpScreen.swift"; sourceTree = "<group>"; };
		1FFB59B52410DA4E006A61B1 /* ja */ = {isa = PBXFileReference; lastKnownFileType = text.plist.strings; name = ja; path = ja.lproj/Main.strings; sourceTree = "<group>"; };
		1FFB59B62410DA4E006A61B1 /* ja */ = {isa = PBXFileReference; lastKnownFileType = text.plist.strings; name = ja; path = ja.lproj/LaunchScreen.strings; sourceTree = "<group>"; };
		1FFB59B82410DA59006A61B1 /* en */ = {isa = PBXFileReference; lastKnownFileType = text.plist.strings; name = en; path = en.lproj/HomeScreen.strings; sourceTree = "<group>"; };
		1FFB59BA2410DA5E006A61B1 /* ja */ = {isa = PBXFileReference; lastKnownFileType = text.plist.strings; name = ja; path = ja.lproj/HomeScreen.strings; sourceTree = "<group>"; };
		1FFB59BC2410DA61006A61B1 /* en */ = {isa = PBXFileReference; lastKnownFileType = text.plist.strings; name = en; path = en.lproj/HelpScreen.strings; sourceTree = "<group>"; };
		1FFB59BE2410DA64006A61B1 /* ja */ = {isa = PBXFileReference; lastKnownFileType = text.plist.strings; name = ja; path = ja.lproj/HelpScreen.strings; sourceTree = "<group>"; };
		1FFB59BF2410DA9E006A61B1 /* HomeViewController.swift */ = {isa = PBXFileReference; lastKnownFileType = sourcecode.swift; path = HomeViewController.swift; sourceTree = "<group>"; };
		1FFB59C12410DAF6006A61B1 /* HelpViewController.swift */ = {isa = PBXFileReference; lastKnownFileType = sourcecode.swift; path = HelpViewController.swift; sourceTree = "<group>"; };
		1FFB59C32410DD6F006A61B1 /* README.md */ = {isa = PBXFileReference; lastKnownFileType = net.daringfireball.markdown; path = README.md; sourceTree = "<group>"; };
/* End PBXFileReference section */

/* Begin PBXFrameworksBuildPhase section */
		1FFB59912410D788006A61B1 /* Frameworks */ = {
			isa = PBXFrameworksBuildPhase;
			buildActionMask = 2147483647;
			files = (
			);
			runOnlyForDeploymentPostprocessing = 0;
		};
/* End PBXFrameworksBuildPhase section */

/* Begin PBXGroup section */
		1FFB598B2410D788006A61B1 = {
			isa = PBXGroup;
			children = (
				1FFB59962410D788006A61B1 /* StringLocalizationDemo */,
				1FFB59952410D788006A61B1 /* Products */,
			);
			sourceTree = "<group>";
		};
		1FFB59952410D788006A61B1 /* Products */ = {
			isa = PBXGroup;
			children = (
				1FFB59942410D788006A61B1 /* StringLocalizationDemo.app */,
			);
			name = Products;
			sourceTree = "<group>";
		};
		1FFB59962410D788006A61B1 /* StringLocalizationDemo */ = {
			isa = PBXGroup;
			children = (
				1FFB59A52410D78C006A61B1 /* Info.plist */,
				1FFB59972410D788006A61B1 /* AppDelegate.swift */,
				1FFB59BF2410DA9E006A61B1 /* HomeViewController.swift */,
				1FFB59C12410DAF6006A61B1 /* HelpViewController.swift */,
				1FFB59B42410D9D2006A61B1 /* String_Constants */,
				1FFB59B32410D9C8006A61B1 /* String_Files */,
				1FFB599D2410D788006A61B1 /* Main.storyboard */,
				1FFB59A02410D78C006A61B1 /* Assets.xcassets */,
				1FFB59A22410D78C006A61B1 /* LaunchScreen.storyboard */,
				1FFB59C32410DD6F006A61B1 /* README.md */,
			);
			path = StringLocalizationDemo;
			sourceTree = "<group>";
		};
		1FFB59B32410D9C8006A61B1 /* String_Files */ = {
			isa = PBXGroup;
			children = (
				1FFB59B92410DA59006A61B1 /* HomeScreen.strings */,
				1FFB59BD2410DA61006A61B1 /* HelpScreen.strings */,
			);
			path = String_Files;
			sourceTree = "<group>";
		};
		1FFB59B42410D9D2006A61B1 /* String_Constants */ = {
			isa = PBXGroup;
			children = (
				1FFB59AB2410D7C7006A61B1 /* String+HomeScreen.swift */,
				1FFB59B12410D9BC006A61B1 /* String+HelpScreen.swift */,
			);
			path = String_Constants;
			sourceTree = "<group>";
		};
/* End PBXGroup section */

/* Begin PBXNativeTarget section */
		1FFB59932410D788006A61B1 /* StringLocalizationDemo */ = {
			isa = PBXNativeTarget;
			buildConfigurationList = 1FFB59A82410D78C006A61B1 /* Build configuration list for PBXNativeTarget "StringLocalizationDemo" */;
			buildPhases = (
				1FFB59902410D788006A61B1 /* Sources */,
				1FFB59912410D788006A61B1 /* Frameworks */,
				1FFB59922410D788006A61B1 /* Resources */,
			);
			buildRules = (
			);
			dependencies = (
			);
			name = StringLocalizationDemo;
			productName = StringLocalizationDemo;
			productReference = 1FFB59942410D788006A61B1 /* StringLocalizationDemo.app */;
			productType = "com.apple.product-type.application";
		};
/* End PBXNativeTarget section */

/* Begin PBXProject section */
		1FFB598C2410D788006A61B1 /* Project object */ = {
			isa = PBXProject;
			attributes = {
				LastSwiftUpdateCheck = 1130;
				LastUpgradeCheck = 1130;
				ORGANIZATIONNAME = "Nicolás Miari";
				TargetAttributes = {
					1FFB59932410D788006A61B1 = {
						CreatedOnToolsVersion = 11.3.1;
					};
				};
			};
			buildConfigurationList = 1FFB598F2410D788006A61B1 /* Build configuration list for PBXProject "StringLocalizationDemo" */;
			compatibilityVersion = "Xcode 9.3";
			developmentRegion = en;
			hasScannedForEncodings = 0;
			knownRegions = (
				en,
				Base,
				ja,
			);
			mainGroup = 1FFB598B2410D788006A61B1;
			productRefGroup = 1FFB59952410D788006A61B1 /* Products */;
			projectDirPath = "";
			projectRoot = "";
			targets = (
				1FFB59932410D788006A61B1 /* StringLocalizationDemo */,
			);
		};
/* End PBXProject section */

/* Begin PBXResourcesBuildPhase section */
		1FFB59922410D788006A61B1 /* Resources */ = {
			isa = PBXResourcesBuildPhase;
			buildActionMask = 2147483647;
			files = (
				1FFB59A42410D78C006A61B1 /* LaunchScreen.storyboard in Resources */,
				1FFB59A12410D78C006A61B1 /* Assets.xcassets in Resources */,
				1FFB599F2410D788006A61B1 /* Main.storyboard in Resources */,
				1FFB59BB2410DA61006A61B1 /* HelpScreen.strings in Resources */,
				1FFB59B72410DA59006A61B1 /* HomeScreen.strings in Resources */,
			);
			runOnlyForDeploymentPostprocessing = 0;
		};
/* End PBXResourcesBuildPhase section */

/* Begin PBXSourcesBuildPhase section */
		1FFB59902410D788006A61B1 /* Sources */ = {
			isa = PBXSourcesBuildPhase;
			buildActionMask = 2147483647;
			files = (
				1FFB59C02410DA9E006A61B1 /* HomeViewController.swift in Sources */,
				1FFB59C22410DAF6006A61B1 /* HelpViewController.swift in Sources */,
				1FFB59AC2410D7C7006A61B1 /* String+HomeScreen.swift in Sources */,
				1FFB59B22410D9BC006A61B1 /* String+HelpScreen.swift in Sources */,
				1FFB59982410D788006A61B1 /* AppDelegate.swift in Sources */,
			);
			runOnlyForDeploymentPostprocessing = 0;
		};
/* End PBXSourcesBuildPhase section */

/* Begin PBXVariantGroup section */
		1FFB599D2410D788006A61B1 /* Main.storyboard */ = {
			isa = PBXVariantGroup;
			children = (
				1FFB599E2410D788006A61B1 /* Base */,
				1FFB59B52410DA4E006A61B1 /* ja */,
			);
			name = Main.storyboard;
			sourceTree = "<group>";
		};
		1FFB59A22410D78C006A61B1 /* LaunchScreen.storyboard */ = {
			isa = PBXVariantGroup;
			children = (
				1FFB59A32410D78C006A61B1 /* Base */,
				1FFB59B62410DA4E006A61B1 /* ja */,
			);
			name = LaunchScreen.storyboard;
			sourceTree = "<group>";
		};
		1FFB59B92410DA59006A61B1 /* HomeScreen.strings */ = {
			isa = PBXVariantGroup;
			children = (
				1FFB59B82410DA59006A61B1 /* en */,
				1FFB59BA2410DA5E006A61B1 /* ja */,
			);
			name = HomeScreen.strings;
			sourceTree = "<group>";
		};
		1FFB59BD2410DA61006A61B1 /* HelpScreen.strings */ = {
			isa = PBXVariantGroup;
			children = (
				1FFB59BC2410DA61006A61B1 /* en */,
				1FFB59BE2410DA64006A61B1 /* ja */,
			);
			name = HelpScreen.strings;
			sourceTree = "<group>";
		};
/* End PBXVariantGroup section */

/* Begin XCBuildConfiguration section */
		1FFB59A62410D78C006A61B1 /* Debug */ = {
			isa = XCBuildConfiguration;
			buildSettings = {
				ALWAYS_SEARCH_USER_PATHS = NO;
				CLANG_ANALYZER_LOCALIZABILITY_NONLOCALIZED = YES;
				CLANG_ANALYZER_NONNULL = YES;
				CLANG_ANALYZER_NUMBER_OBJECT_CONVERSION = YES_AGGRESSIVE;
				CLANG_CXX_LANGUAGE_STANDARD = "gnu++14";
				CLANG_CXX_LIBRARY = "libc++";
				CLANG_ENABLE_MODULES = YES;
				CLANG_ENABLE_OBJC_ARC = YES;
				CLANG_ENABLE_OBJC_WEAK = YES;
				CLANG_WARN_BLOCK_CAPTURE_AUTORELEASING = YES;
				CLANG_WARN_BOOL_CONVERSION = YES;
				CLANG_WARN_COMMA = YES;
				CLANG_WARN_CONSTANT_CONVERSION = YES;
				CLANG_WARN_DEPRECATED_OBJC_IMPLEMENTATIONS = YES;
				CLANG_WARN_DIRECT_OBJC_ISA_USAGE = YES_ERROR;
				CLANG_WARN_DOCUMENTATION_COMMENTS = YES;
				CLANG_WARN_EMPTY_BODY = YES;
				CLANG_WARN_ENUM_CONVERSION = YES;
				CLANG_WARN_INFINITE_RECURSION = YES;
				CLANG_WARN_INT_CONVERSION = YES;
				CLANG_WARN_NON_LITERAL_NULL_CONVERSION = YES;
				CLANG_WARN_OBJC_IMPLICIT_RETAIN_SELF = YES;
				CLANG_WARN_OBJC_LITERAL_CONVERSION = YES;
				CLANG_WARN_OBJC_ROOT_CLASS = YES_ERROR;
				CLANG_WARN_RANGE_LOOP_ANALYSIS = YES;
				CLANG_WARN_STRICT_PROTOTYPES = YES;
				CLANG_WARN_SUSPICIOUS_MOVE = YES;
				CLANG_WARN_UNGUARDED_AVAILABILITY = YES_AGGRESSIVE;
				CLANG_WARN_UNREACHABLE_CODE = YES;
				CLANG_WARN__DUPLICATE_METHOD_MATCH = YES;
				COPY_PHASE_STRIP = NO;
				CURRENT_PROJECT_VERSION = 0.0.1;
				DEBUG_INFORMATION_FORMAT = dwarf;
				ENABLE_STRICT_OBJC_MSGSEND = YES;
				ENABLE_TESTABILITY = YES;
				GCC_C_LANGUAGE_STANDARD = gnu11;
				GCC_DYNAMIC_NO_PIC = NO;
				GCC_NO_COMMON_BLOCKS = YES;
				GCC_OPTIMIZATION_LEVEL = 0;
				GCC_PREPROCESSOR_DEFINITIONS = (
					"DEBUG=1",
					"$(inherited)",
				);
				GCC_WARN_64_TO_32_BIT_CONVERSION = YES;
				GCC_WARN_ABOUT_RETURN_TYPE = YES_ERROR;
				GCC_WARN_UNDECLARED_SELECTOR = YES;
				GCC_WARN_UNINITIALIZED_AUTOS = YES_AGGRESSIVE;
				GCC_WARN_UNUSED_FUNCTION = YES;
				GCC_WARN_UNUSED_VARIABLE = YES;
				IPHONEOS_DEPLOYMENT_TARGET = 13.2;
				MTL_ENABLE_DEBUG_INFO = INCLUDE_SOURCE;
				MTL_FAST_MATH = YES;
				ONLY_ACTIVE_ARCH = YES;
				SDKROOT = iphoneos;
				SWIFT_ACTIVE_COMPILATION_CONDITIONS = DEBUG;
				SWIFT_OPTIMIZATION_LEVEL = "-Onone";
			};
			name = Debug;
		};
		1FFB59A72410D78C006A61B1 /* Release */ = {
			isa = XCBuildConfiguration;
			buildSettings = {
				ALWAYS_SEARCH_USER_PATHS = NO;
				CLANG_ANALYZER_LOCALIZABILITY_NONLOCALIZED = YES;
				CLANG_ANALYZER_NONNULL = YES;
				CLANG_ANALYZER_NUMBER_OBJECT_CONVERSION = YES_AGGRESSIVE;
				CLANG_CXX_LANGUAGE_STANDARD = "gnu++14";
				CLANG_CXX_LIBRARY = "libc++";
				CLANG_ENABLE_MODULES = YES;
				CLANG_ENABLE_OBJC_ARC = YES;
				CLANG_ENABLE_OBJC_WEAK = YES;
				CLANG_WARN_BLOCK_CAPTURE_AUTORELEASING = YES;
				CLANG_WARN_BOOL_CONVERSION = YES;
				CLANG_WARN_COMMA = YES;
				CLANG_WARN_CONSTANT_CONVERSION = YES;
				CLANG_WARN_DEPRECATED_OBJC_IMPLEMENTATIONS = YES;
				CLANG_WARN_DIRECT_OBJC_ISA_USAGE = YES_ERROR;
				CLANG_WARN_DOCUMENTATION_COMMENTS = YES;
				CLANG_WARN_EMPTY_BODY = YES;
				CLANG_WARN_ENUM_CONVERSION = YES;
				CLANG_WARN_INFINITE_RECURSION = YES;
				CLANG_WARN_INT_CONVERSION = YES;
				CLANG_WARN_NON_LITERAL_NULL_CONVERSION = YES;
				CLANG_WARN_OBJC_IMPLICIT_RETAIN_SELF = YES;
				CLANG_WARN_OBJC_LITERAL_CONVERSION = YES;
				CLANG_WARN_OBJC_ROOT_CLASS = YES_ERROR;
				CLANG_WARN_RANGE_LOOP_ANALYSIS = YES;
				CLANG_WARN_STRICT_PROTOTYPES = YES;
				CLANG_WARN_SUSPICIOUS_MOVE = YES;
				CLANG_WARN_UNGUARDED_AVAILABILITY = YES_AGGRESSIVE;
				CLANG_WARN_UNREACHABLE_CODE = YES;
				CLANG_WARN__DUPLICATE_METHOD_MATCH = YES;
				COPY_PHASE_STRIP = NO;
				CURRENT_PROJECT_VERSION = 0.0.1;
				DEBUG_INFORMATION_FORMAT = "dwarf-with-dsym";
				ENABLE_NS_ASSERTIONS = NO;
				ENABLE_STRICT_OBJC_MSGSEND = YES;
				GCC_C_LANGUAGE_STANDARD = gnu11;
				GCC_NO_COMMON_BLOCKS = YES;
				GCC_WARN_64_TO_32_BIT_CONVERSION = YES;
				GCC_WARN_ABOUT_RETURN_TYPE = YES_ERROR;
				GCC_WARN_UNDECLARED_SELECTOR = YES;
				GCC_WARN_UNINITIALIZED_AUTOS = YES_AGGRESSIVE;
				GCC_WARN_UNUSED_FUNCTION = YES;
				GCC_WARN_UNUSED_VARIABLE = YES;
				IPHONEOS_DEPLOYMENT_TARGET = 13.2;
				MTL_ENABLE_DEBUG_INFO = NO;
				MTL_FAST_MATH = YES;
				SDKROOT = iphoneos;
				SWIFT_COMPILATION_MODE = wholemodule;
				SWIFT_OPTIMIZATION_LEVEL = "-O";
				VALIDATE_PRODUCT = YES;
			};
			name = Release;
		};
		1FFB59A92410D78C006A61B1 /* Debug */ = {
			isa = XCBuildConfiguration;
			buildSettings = {
				ASSETCATALOG_COMPILER_APPICON_NAME = AppIcon;
				CODE_SIGN_STYLE = Automatic;
				DEVELOPMENT_TEAM = D2D4S4F85R;
				INFOPLIST_FILE = StringLocalizationDemo/Info.plist;
				LD_RUNPATH_SEARCH_PATHS = (
					"$(inherited)",
					"@executable_path/Frameworks",
				);
				PRODUCT_BUNDLE_IDENTIFIER = com.nicolasmiari.StringLocalizationDemo;
				PRODUCT_NAME = "$(TARGET_NAME)";
				SWIFT_VERSION = 5.0;
				TARGETED_DEVICE_FAMILY = "1,2";
			};
			name = Debug;
		};
		1FFB59AA2410D78C006A61B1 /* Release */ = {
			isa = XCBuildConfiguration;
			buildSettings = {
				ASSETCATALOG_COMPILER_APPICON_NAME = AppIcon;
				CODE_SIGN_STYLE = Automatic;
				DEVELOPMENT_TEAM = D2D4S4F85R;
				INFOPLIST_FILE = StringLocalizationDemo/Info.plist;
				LD_RUNPATH_SEARCH_PATHS = (
					"$(inherited)",
					"@executable_path/Frameworks",
				);
				PRODUCT_BUNDLE_IDENTIFIER = com.nicolasmiari.StringLocalizationDemo;
				PRODUCT_NAME = "$(TARGET_NAME)";
				SWIFT_VERSION = 5.0;
				TARGETED_DEVICE_FAMILY = "1,2";
			};
			name = Release;
		};
/* End XCBuildConfiguration section */

/* Begin XCConfigurationList section */
		1FFB598F2410D788006A61B1 /* Build configuration list for PBXProject "StringLocalizationDemo" */ = {
			isa = XCConfigurationList;
			buildConfigurations = (
				1FFB59A62410D78C006A61B1 /* Debug */,
				1FFB59A72410D78C006A61B1 /* Release */,
			);
			defaultConfigurationIsVisible = 0;
			defaultConfigurationName = Release;
		};
		1FFB59A82410D78C006A61B1 /* Build configuration list for PBXNativeTarget "StringLocalizationDemo" */ = {
			isa = XCConfigurationList;
			buildConfigurations = (
				1FFB59A92410D78C006A61B1 /* Debug */,
				1FFB59AA2410D78C006A61B1 /* Release */,
			);
			defaultConfigurationIsVisible = 0;
			defaultConfigurationName = Release;
		};
/* End XCConfigurationList section */
	};
	rootObject = 1FFB598C2410D788006A61B1 /* Project object */;
}
